
Microsoft Visual Studio Solution File, Format Version 12.00
# Visual Studio Version 17
VisualStudioVersion = 17.4.33205.214
MinimumVisualStudioVersion = 10.0.40219.1
Project("{9A19103F-16F7-4668-BE54-9A1E7A4F7556}") = "DesafioAPI", "DesafioAPI\DesafioAPI.csproj", "{37EA19B7-BEFE-40BA-8CE2-D986C4824F7E}"
EndProject
Project("{54A90642-561A-4BB1-A94E-469ADEE60C69}") = "DesafioAngular", "DesafioAngular\DesafioAngular\DesafioAngular.esproj", "{3418DB69-4CEC-4037-B67C-CBB0F253C0CC}"
EndProject
Global
	GlobalSection(SolutionConfigurationPlatforms) = preSolution
		Debug|Any CPU = Debug|Any CPU
		Release|Any CPU = Release|Any CPU
	EndGlobalSection
	GlobalSection(ProjectConfigurationPlatforms) = postSolution
		{37EA19B7-BEFE-40BA-8CE2-D986C4824F7E}.Debug|Any CPU.ActiveCfg = Debug|Any CPU
		{37EA19B7-BEFE-40BA-8CE2-D986C4824F7E}.Debug|Any CPU.Build.0 = Debug|Any CPU
		{37EA19B7-BEFE-40BA-8CE2-D986C4824F7E}.Release|Any CPU.ActiveCfg = Release|Any CPU
		{37EA19B7-BEFE-40BA-8CE2-D986C4824F7E}.Release|Any CPU.Build.0 = Release|Any CPU
		{3418DB69-4CEC-4037-B67C-CBB0F253C0CC}.Debug|Any CPU.ActiveCfg = Debug|Any CPU
		{3418DB69-4CEC-4037-B67C-CBB0F253C0CC}.Debug|Any CPU.Build.0 = Debug|Any CPU
		{3418DB69-4CEC-4037-B67C-CBB0F253C0CC}.Debug|Any CPU.Deploy.0 = Debug|Any CPU
		{3418DB69-4CEC-4037-B67C-CBB0F253C0CC}.Release|Any CPU.ActiveCfg = Release|Any CPU
		{3418DB69-4CEC-4037-B67C-CBB0F253C0CC}.Release|Any CPU.Build.0 = Release|Any CPU
		{3418DB69-4CEC-4037-B67C-CBB0F253C0CC}.Release|Any CPU.Deploy.0 = Release|Any CPU
	EndGlobalSection
	GlobalSection(SolutionProperties) = preSolution
		HideSolutionNode = FALSE
	EndGlobalSection
	GlobalSection(ExtensibilityGlobals) = postSolution
		SolutionGuid = {17A19D1C-7CE0-4546-BB35-32532A466809}
	EndGlobalSection
EndGlobal
